
Microsoft Visual Studio Solution File, Format Version 12.00
# Visual Studio Version 16
VisualStudioVersion = 16.0.30717.126
MinimumVisualStudioVersion = 10.0.40219.1
Project("{FAE04EC0-301F-11D3-BF4B-00C04F79EFBC}") = "ExampleCode", "ExampleCode\ExampleCode.csproj", "{9BD65549-5F02-4A64-9680-F0C7AE1D816C}"
EndProject
Project("{FAE04EC0-301F-11D3-BF4B-00C04F79EFBC}") = "Delegates-MethodandTarget", "Delegates-MethodandTarget\Delegates-MethodandTarget.csproj", "{0AD309BB-7A27-41F6-A754-327CA560821E}"
EndProject
Project("{FAE04EC0-301F-11D3-BF4B-00C04F79EFBC}") = "WhyDelegates", "WhyDelegates\WhyDelegates.csproj", "{A7F868AC-D712-4635-A094-B5ADDDCDF385}"
EndProject
Project("{FAE04EC0-301F-11D3-BF4B-00C04F79EFBC}") = "LambdaExpressions", "LambdaExpressions\LambdaExpressions.csproj", "{ED68D733-7D9A-49D3-B92B-DB3C98390F86}"
EndProject
Project("{FAE04EC0-301F-11D3-BF4B-00C04F79EFBC}") = "5.DelegateChaining", "5.DelegateChaining\5.DelegateChaining.csproj", "{2EB41044-D66D-42E2-B914-9B98CDD5A1A4}"
EndProject
Project("{FAE04EC0-301F-11D3-BF4B-00C04F79EFBC}") = "6.MulticastDelegate vs.Delegate", "6.MulticastDelegate vs.Delegate\6.MulticastDelegate vs.Delegate.csproj", "{C1AF327A-0960-4F06-8FC2-36C6FF383E4D}"
EndProject
Project("{FAE04EC0-301F-11D3-BF4B-00C04F79EFBC}") = "7.FuncandAction", "7.FuncandAction\7.FuncandAction.csproj", "{717F5CCF-9821-47C0-B47A-0E152DF9952A}"
EndProject
Project("{FAE04EC0-301F-11D3-BF4B-00C04F79EFBC}") = "8. Delegate Chains and Exceptions", "8. Delegate Chains and Exceptions\8. Delegate Chains and Exceptions.csproj", "{2AD51B96-A33B-46C8-810B-272B0DD91C14}"
EndProject
Project("{FAE04EC0-301F-11D3-BF4B-00C04F79EFBC}") = "9. Anonymous Methods vs. Lambda Expressions", "9. Anonymous Methods vs. Lambda Expressions\9. Anonymous Methods vs. Lambda Expressions.csproj", "{E41085FC-C0A0-4FBB-BD20-1F5123649AFF}"
EndProject
Project("{FAE04EC0-301F-11D3-BF4B-00C04F79EFBC}") = "10. Closures", "10. Closures\10. Closures.csproj", "{C7C9AFCF-0DD4-499F-BE1E-DC69396389B4}"
EndProject
Project("{FAE04EC0-301F-11D3-BF4B-00C04F79EFBC}") = "11. How The Compiler Implements Closures", "11. How The Compiler Implements Closures\11. How The Compiler Implements Closures.csproj", "{602B37FA-1006-4059-AC05-FF84987F4379}"
EndProject
Project("{FAE04EC0-301F-11D3-BF4B-00C04F79EFBC}") = "12. More Complex Closures", "12. More Complex Closures\12. More Complex Closures.csproj", "{07C70714-32D6-4D5D-B812-60E9AC883E1B}"
EndProject
Project("{FAE04EC0-301F-11D3-BF4B-00C04F79EFBC}") = "13. Basic Observer Pattern Using Delegates", "13. Basic Observer Pattern Using Delegates\13. Basic Observer Pattern Using Delegates.csproj", "{93436BA5-0FBB-41A0-A239-F5600D6C952A}"
EndProject
Project("{FAE04EC0-301F-11D3-BF4B-00C04F79EFBC}") = "14. Events vs. Delegates", "14. Events vs. Delegates\14. Events vs. Delegates.csproj", "{EFB79068-7340-4586-B3D1-DBA782120C0A}"
EndProject
Project("{FAE04EC0-301F-11D3-BF4B-00C04F79EFBC}") = "15. 16. How The Compiler Implements Events", "15. How The Compiler Implements Events\15. 16. How The Compiler Implements Events.csproj", "{08C0F57D-AF87-401A-AC0C-4E0227876F37}"
EndProject
Project("{FAE04EC0-301F-11D3-BF4B-00C04F79EFBC}") = "17. EventHandler and sender", "17. EventHandler and sender\17. EventHandler and sender.csproj", "{A2F726E5-0077-4B26-B98F-556945D2F784}"
EndProject
Global
	GlobalSection(SolutionConfigurationPlatforms) = preSolution
		Debug|Any CPU = Debug|Any CPU
		Release|Any CPU = Release|Any CPU
	EndGlobalSection
	GlobalSection(ProjectConfigurationPlatforms) = postSolution
		{9BD65549-5F02-4A64-9680-F0C7AE1D816C}.Debug|Any CPU.ActiveCfg = Debug|Any CPU
		{9BD65549-5F02-4A64-9680-F0C7AE1D816C}.Debug|Any CPU.Build.0 = Debug|Any CPU
		{9BD65549-5F02-4A64-9680-F0C7AE1D816C}.Release|Any CPU.ActiveCfg = Release|Any CPU
		{9BD65549-5F02-4A64-9680-F0C7AE1D816C}.Release|Any CPU.Build.0 = Release|Any CPU
		{0AD309BB-7A27-41F6-A754-327CA560821E}.Debug|Any CPU.ActiveCfg = Debug|Any CPU
		{0AD309BB-7A27-41F6-A754-327CA560821E}.Debug|Any CPU.Build.0 = Debug|Any CPU
		{0AD309BB-7A27-41F6-A754-327CA560821E}.Release|Any CPU.ActiveCfg = Release|Any CPU
		{0AD309BB-7A27-41F6-A754-327CA560821E}.Release|Any CPU.Build.0 = Release|Any CPU
		{A7F868AC-D712-4635-A094-B5ADDDCDF385}.Debug|Any CPU.ActiveCfg = Debug|Any CPU
		{A7F868AC-D712-4635-A094-B5ADDDCDF385}.Debug|Any CPU.Build.0 = Debug|Any CPU
		{A7F868AC-D712-4635-A094-B5ADDDCDF385}.Release|Any CPU.ActiveCfg = Release|Any CPU
		{A7F868AC-D712-4635-A094-B5ADDDCDF385}.Release|Any CPU.Build.0 = Release|Any CPU
		{ED68D733-7D9A-49D3-B92B-DB3C98390F86}.Debug|Any CPU.ActiveCfg = Debug|Any CPU
		{ED68D733-7D9A-49D3-B92B-DB3C98390F86}.Debug|Any CPU.Build.0 = Debug|Any CPU
		{ED68D733-7D9A-49D3-B92B-DB3C98390F86}.Release|Any CPU.ActiveCfg = Release|Any CPU
		{ED68D733-7D9A-49D3-B92B-DB3C98390F86}.Release|Any CPU.Build.0 = Release|Any CPU
		{2EB41044-D66D-42E2-B914-9B98CDD5A1A4}.Debug|Any CPU.ActiveCfg = Debug|Any CPU
		{2EB41044-D66D-42E2-B914-9B98CDD5A1A4}.Debug|Any CPU.Build.0 = Debug|Any CPU
		{2EB41044-D66D-42E2-B914-9B98CDD5A1A4}.Release|Any CPU.ActiveCfg = Release|Any CPU
		{2EB41044-D66D-42E2-B914-9B98CDD5A1A4}.Release|Any CPU.Build.0 = Release|Any CPU
		{C1AF327A-0960-4F06-8FC2-36C6FF383E4D}.Debug|Any CPU.ActiveCfg = Debug|Any CPU
		{C1AF327A-0960-4F06-8FC2-36C6FF383E4D}.Debug|Any CPU.Build.0 = Debug|Any CPU
		{C1AF327A-0960-4F06-8FC2-36C6FF383E4D}.Release|Any CPU.ActiveCfg = Release|Any CPU
		{C1AF327A-0960-4F06-8FC2-36C6FF383E4D}.Release|Any CPU.Build.0 = Release|Any CPU
		{717F5CCF-9821-47C0-B47A-0E152DF9952A}.Debug|Any CPU.ActiveCfg = Debug|Any CPU
		{717F5CCF-9821-47C0-B47A-0E152DF9952A}.Debug|Any CPU.Build.0 = Debug|Any CPU
		{717F5CCF-9821-47C0-B47A-0E152DF9952A}.Release|Any CPU.ActiveCfg = Release|Any CPU
		{717F5CCF-9821-47C0-B47A-0E152DF9952A}.Release|Any CPU.Build.0 = Release|Any CPU
		{2AD51B96-A33B-46C8-810B-272B0DD91C14}.Debug|Any CPU.ActiveCfg = Debug|Any CPU
		{2AD51B96-A33B-46C8-810B-272B0DD91C14}.Debug|Any CPU.Build.0 = Debug|Any CPU
		{2AD51B96-A33B-46C8-810B-272B0DD91C14}.Release|Any CPU.ActiveCfg = Release|Any CPU
		{2AD51B96-A33B-46C8-810B-272B0DD91C14}.Release|Any CPU.Build.0 = Release|Any CPU
		{E41085FC-C0A0-4FBB-BD20-1F5123649AFF}.Debug|Any CPU.ActiveCfg = Debug|Any CPU
		{E41085FC-C0A0-4FBB-BD20-1F5123649AFF}.Debug|Any CPU.Build.0 = Debug|Any CPU
		{E41085FC-C0A0-4FBB-BD20-1F5123649AFF}.Release|Any CPU.ActiveCfg = Release|Any CPU
		{E41085FC-C0A0-4FBB-BD20-1F5123649AFF}.Release|Any CPU.Build.0 = Release|Any CPU
		{C7C9AFCF-0DD4-499F-BE1E-DC69396389B4}.Debug|Any CPU.ActiveCfg = Debug|Any CPU
		{C7C9AFCF-0DD4-499F-BE1E-DC69396389B4}.Debug|Any CPU.Build.0 = Debug|Any CPU
		{C7C9AFCF-0DD4-499F-BE1E-DC69396389B4}.Release|Any CPU.ActiveCfg = Release|Any CPU
		{C7C9AFCF-0DD4-499F-BE1E-DC69396389B4}.Release|Any CPU.Build.0 = Release|Any CPU
		{602B37FA-1006-4059-AC05-FF84987F4379}.Debug|Any CPU.ActiveCfg = Debug|Any CPU
		{602B37FA-1006-4059-AC05-FF84987F4379}.Debug|Any CPU.Build.0 = Debug|Any CPU
		{602B37FA-1006-4059-AC05-FF84987F4379}.Release|Any CPU.ActiveCfg = Release|Any CPU
		{602B37FA-1006-4059-AC05-FF84987F4379}.Release|Any CPU.Build.0 = Release|Any CPU
		{07C70714-32D6-4D5D-B812-60E9AC883E1B}.Debug|Any CPU.ActiveCfg = Debug|Any CPU
		{07C70714-32D6-4D5D-B812-60E9AC883E1B}.Debug|Any CPU.Build.0 = Debug|Any CPU
		{07C70714-32D6-4D5D-B812-60E9AC883E1B}.Release|Any CPU.ActiveCfg = Release|Any CPU
		{07C70714-32D6-4D5D-B812-60E9AC883E1B}.Release|Any CPU.Build.0 = Release|Any CPU
		{93436BA5-0FBB-41A0-A239-F5600D6C952A}.Debug|Any CPU.ActiveCfg = Debug|Any CPU
		{93436BA5-0FBB-41A0-A239-F5600D6C952A}.Debug|Any CPU.Build.0 = Debug|Any CPU
		{93436BA5-0FBB-41A0-A239-F5600D6C952A}.Release|Any CPU.ActiveCfg = Release|Any CPU
		{93436BA5-0FBB-41A0-A239-F5600D6C952A}.Release|Any CPU.Build.0 = Release|Any CPU
		{EFB79068-7340-4586-B3D1-DBA782120C0A}.Debug|Any CPU.ActiveCfg = Debug|Any CPU
		{EFB79068-7340-4586-B3D1-DBA782120C0A}.Debug|Any CPU.Build.0 = Debug|Any CPU
		{EFB79068-7340-4586-B3D1-DBA782120C0A}.Release|Any CPU.ActiveCfg = Release|Any CPU
		{EFB79068-7340-4586-B3D1-DBA782120C0A}.Release|Any CPU.Build.0 = Release|Any CPU
		{08C0F57D-AF87-401A-AC0C-4E0227876F37}.Debug|Any CPU.ActiveCfg = Debug|Any CPU
		{08C0F57D-AF87-401A-AC0C-4E0227876F37}.Debug|Any CPU.Build.0 = Debug|Any CPU
		{08C0F57D-AF87-401A-AC0C-4E0227876F37}.Release|Any CPU.ActiveCfg = Release|Any CPU
		{08C0F57D-AF87-401A-AC0C-4E0227876F37}.Release|Any CPU.Build.0 = Release|Any CPU
		{A2F726E5-0077-4B26-B98F-556945D2F784}.Debug|Any CPU.ActiveCfg = Debug|Any CPU
		{A2F726E5-0077-4B26-B98F-556945D2F784}.Debug|Any CPU.Build.0 = Debug|Any CPU
		{A2F726E5-0077-4B26-B98F-556945D2F784}.Release|Any CPU.ActiveCfg = Release|Any CPU
		{A2F726E5-0077-4B26-B98F-556945D2F784}.Release|Any CPU.Build.0 = Release|Any CPU
	EndGlobalSection
	GlobalSection(SolutionProperties) = preSolution
		HideSolutionNode = FALSE
	EndGlobalSection
	GlobalSection(ExtensibilityGlobals) = postSolution
		SolutionGuid = {B4ED7FF0-68C4-476A-B906-E23AA7E06221}
	EndGlobalSection
EndGlobal
